
Microsoft Visual Studio Solution File, Format Version 12.00
# Visual Studio Version 17
VisualStudioVersion = 17.7.34031.279
MinimumVisualStudioVersion = 10.0.40219.1
Project("{9A19103F-16F7-4668-BE54-9A1E7A4F7556}") = "MovieStoreApi", "MovieStoreApi\MovieStoreApi.csproj", "{1F4BF3E1-686C-4F06-8E21-F47919696A4B}"
EndProject
Project("{2150E333-8FDC-42A3-9474-1A3956D46DE8}") = "Tests", "Tests", "{75B9FD75-1828-422B-929C-40D44DF18060}"
EndProject
Project("{FAE04EC0-301F-11D3-BF4B-00C04F79EFBC}") = "MovieStoreTest", "MovieStoreTest\MovieStoreTest.csproj", "{1F5BFF02-52FA-41FF-8BD9-360DD623C313}"
EndProject
Global
	GlobalSection(SolutionConfigurationPlatforms) = preSolution
		Debug|Any CPU = Debug|Any CPU
		Release|Any CPU = Release|Any CPU
	EndGlobalSection
	GlobalSection(ProjectConfigurationPlatforms) = postSolution
		{1F4BF3E1-686C-4F06-8E21-F47919696A4B}.Debug|Any CPU.ActiveCfg = Debug|Any CPU
		{1F4BF3E1-686C-4F06-8E21-F47919696A4B}.Debug|Any CPU.Build.0 = Debug|Any CPU
		{1F4BF3E1-686C-4F06-8E21-F47919696A4B}.Release|Any CPU.ActiveCfg = Release|Any CPU
		{1F4BF3E1-686C-4F06-8E21-F47919696A4B}.Release|Any CPU.Build.0 = Release|Any CPU
		{1F5BFF02-52FA-41FF-8BD9-360DD623C313}.Debug|Any CPU.ActiveCfg = Debug|Any CPU
		{1F5BFF02-52FA-41FF-8BD9-360DD623C313}.Debug|Any CPU.Build.0 = Debug|Any CPU
		{1F5BFF02-52FA-41FF-8BD9-360DD623C313}.Release|Any CPU.ActiveCfg = Release|Any CPU
		{1F5BFF02-52FA-41FF-8BD9-360DD623C313}.Release|Any CPU.Build.0 = Release|Any CPU
	EndGlobalSection
	GlobalSection(SolutionProperties) = preSolution
		HideSolutionNode = FALSE
	EndGlobalSection
	GlobalSection(NestedProjects) = preSolution
		{1F5BFF02-52FA-41FF-8BD9-360DD623C313} = {75B9FD75-1828-422B-929C-40D44DF18060}
	EndGlobalSection
	GlobalSection(ExtensibilityGlobals) = postSolution
		SolutionGuid = {92E77C83-6C8B-4226-88DE-0656F998EB2F}
	EndGlobalSection
EndGlobal
